
Microsoft Visual Studio Solution File, Format Version 12.00
# Visual Studio Version 17
VisualStudioVersion = 17.6.33829.357
MinimumVisualStudioVersion = 10.0.40219.1
Project("{FAE04EC0-301F-11D3-BF4B-00C04F79EFBC}") = "ShelfLabelPrint", "ShelfLabelPrint\ShelfLabelPrint.csproj", "{EC9F53F9-C687-400F-9D21-03FC41E14A3D}"
EndProject
Global
	GlobalSection(SolutionConfigurationPlatforms) = preSolution
		Debug|Any CPU = Debug|Any CPU
		Release|Any CPU = Release|Any CPU
	EndGlobalSection
	GlobalSection(ProjectConfigurationPlatforms) = postSolution
		{EC9F53F9-C687-400F-9D21-03FC41E14A3D}.Debug|Any CPU.ActiveCfg = Debug|Any CPU
		{EC9F53F9-C687-400F-9D21-03FC41E14A3D}.Debug|Any CPU.Build.0 = Debug|Any CPU
		{EC9F53F9-C687-400F-9D21-03FC41E14A3D}.Release|Any CPU.ActiveCfg = Release|Any CPU
		{EC9F53F9-C687-400F-9D21-03FC41E14A3D}.Release|Any CPU.Build.0 = Release|Any CPU
	EndGlobalSection
	GlobalSection(SolutionProperties) = preSolution
		HideSolutionNode = FALSE
	EndGlobalSection
	GlobalSection(ExtensibilityGlobals) = postSolution
		SolutionGuid = {173839DF-C063-437A-9AFE-2217E564B8B2}
	EndGlobalSection
EndGlobal
